
Microsoft Visual Studio Solution File, Format Version 12.00
# Visual Studio Version 16
VisualStudioVersion = 16.0.30711.63
MinimumVisualStudioVersion = 10.0.40219.1
Project("{FAE04EC0-301F-11D3-BF4B-00C04F79EFBC}") = "Nguyen_Quoc_Dat-5951071013", "Nguyen_Quoc_Dat-5951071013\Nguyen_Quoc_Dat-5951071013.csproj", "{831899F6-0878-4EEB-B924-B2F1241B9905}"
EndProject
Global
	GlobalSection(SolutionConfigurationPlatforms) = preSolution
		Debug|Any CPU = Debug|Any CPU
		Release|Any CPU = Release|Any CPU
	EndGlobalSection
	GlobalSection(ProjectConfigurationPlatforms) = postSolution
		{831899F6-0878-4EEB-B924-B2F1241B9905}.Debug|Any CPU.ActiveCfg = Debug|Any CPU
		{831899F6-0878-4EEB-B924-B2F1241B9905}.Debug|Any CPU.Build.0 = Debug|Any CPU
		{831899F6-0878-4EEB-B924-B2F1241B9905}.Release|Any CPU.ActiveCfg = Release|Any CPU
		{831899F6-0878-4EEB-B924-B2F1241B9905}.Release|Any CPU.Build.0 = Release|Any CPU
	EndGlobalSection
	GlobalSection(SolutionProperties) = preSolution
		HideSolutionNode = FALSE
	EndGlobalSection
	GlobalSection(ExtensibilityGlobals) = postSolution
		SolutionGuid = {5B50B9A9-3426-4002-9413-5F396963DDC3}
	EndGlobalSection
EndGlobal
